
Microsoft Visual Studio Solution File, Format Version 12.00
# Visual Studio Version 17
VisualStudioVersion = 17.11.35219.272
MinimumVisualStudioVersion = 10.0.40219.1
Project("{FAE04EC0-301F-11D3-BF4B-00C04F79EFBC}") = "HomeBudget_", "HomeBudget_\HomeBudget_.csproj", "{DE6A0CE7-4682-40A1-B7A9-146D44980859}"
EndProject
Project("{FAE04EC0-301F-11D3-BF4B-00C04F79EFBC}") = "UnitTests", "UnitTests\UnitTests.csproj", "{E980D414-CF82-42AE-8F80-5C9CF5894D39}"
EndProject
Global
	GlobalSection(SolutionConfigurationPlatforms) = preSolution
		Debug|Any CPU = Debug|Any CPU
		Release|Any CPU = Release|Any CPU
	EndGlobalSection
	GlobalSection(ProjectConfigurationPlatforms) = postSolution
		{DE6A0CE7-4682-40A1-B7A9-146D44980859}.Debug|Any CPU.ActiveCfg = Debug|Any CPU
		{DE6A0CE7-4682-40A1-B7A9-146D44980859}.Debug|Any CPU.Build.0 = Debug|Any CPU
		{DE6A0CE7-4682-40A1-B7A9-146D44980859}.Release|Any CPU.ActiveCfg = Release|Any CPU
		{DE6A0CE7-4682-40A1-B7A9-146D44980859}.Release|Any CPU.Build.0 = Release|Any CPU
		{E980D414-CF82-42AE-8F80-5C9CF5894D39}.Debug|Any CPU.ActiveCfg = Debug|Any CPU
		{E980D414-CF82-42AE-8F80-5C9CF5894D39}.Debug|Any CPU.Build.0 = Debug|Any CPU
		{E980D414-CF82-42AE-8F80-5C9CF5894D39}.Release|Any CPU.ActiveCfg = Release|Any CPU
		{E980D414-CF82-42AE-8F80-5C9CF5894D39}.Release|Any CPU.Build.0 = Release|Any CPU
	EndGlobalSection
	GlobalSection(SolutionProperties) = preSolution
		HideSolutionNode = FALSE
	EndGlobalSection
	GlobalSection(ExtensibilityGlobals) = postSolution
		SolutionGuid = {7DF5C1E5-FF7B-4929-9622-D755499B4D15}
	EndGlobalSection
EndGlobal
