
Microsoft Visual Studio Solution File, Format Version 12.00
# Visual Studio Version 17
VisualStudioVersion = 17.13.35919.96
MinimumVisualStudioVersion = 10.0.40219.1
Project("{9A19103F-16F7-4668-BE54-9A1E7A4F7556}") = "HomeBudgetWPF", "HomeBudgetWPF\HomeBudgetWPF.csproj", "{472F230E-AE70-4D59-A30D-088CDDBB970E}"
EndProject
Project("{9A19103F-16F7-4668-BE54-9A1E7A4F7556}") = "TestPresenter", "TestPresenter\TestPresenter\TestPresenter.csproj", "{7BED28A5-9DBE-4B40-9187-1C14D9F78496}"
EndProject
Project("{C7167F0D-BC9F-4E6E-AFE1-012C56B48DB5}") = "BudgetAppWapProj", "BudgetAppWapProj\BudgetAppWapProj.wapproj", "{EB785265-2F70-4D7A-8BAF-F3372C863548}"
EndProject
Global
	GlobalSection(SolutionConfigurationPlatforms) = preSolution
		Debug|Any CPU = Debug|Any CPU
		Debug|ARM = Debug|ARM
		Debug|ARM64 = Debug|ARM64
		Debug|x64 = Debug|x64
		Debug|x86 = Debug|x86
		Release|Any CPU = Release|Any CPU
		Release|ARM = Release|ARM
		Release|ARM64 = Release|ARM64
		Release|x64 = Release|x64
		Release|x86 = Release|x86
	EndGlobalSection
	GlobalSection(ProjectConfigurationPlatforms) = postSolution
		{472F230E-AE70-4D59-A30D-088CDDBB970E}.Debug|Any CPU.ActiveCfg = Debug|Any CPU
		{472F230E-AE70-4D59-A30D-088CDDBB970E}.Debug|Any CPU.Build.0 = Debug|Any CPU
		{472F230E-AE70-4D59-A30D-088CDDBB970E}.Debug|ARM.ActiveCfg = Debug|Any CPU
		{472F230E-AE70-4D59-A30D-088CDDBB970E}.Debug|ARM.Build.0 = Debug|Any CPU
		{472F230E-AE70-4D59-A30D-088CDDBB970E}.Debug|ARM64.ActiveCfg = Debug|Any CPU
		{472F230E-AE70-4D59-A30D-088CDDBB970E}.Debug|ARM64.Build.0 = Debug|Any CPU
		{472F230E-AE70-4D59-A30D-088CDDBB970E}.Debug|x64.ActiveCfg = Debug|Any CPU
		{472F230E-AE70-4D59-A30D-088CDDBB970E}.Debug|x64.Build.0 = Debug|Any CPU
		{472F230E-AE70-4D59-A30D-088CDDBB970E}.Debug|x86.ActiveCfg = Debug|Any CPU
		{472F230E-AE70-4D59-A30D-088CDDBB970E}.Debug|x86.Build.0 = Debug|Any CPU
		{472F230E-AE70-4D59-A30D-088CDDBB970E}.Release|Any CPU.ActiveCfg = Release|Any CPU
		{472F230E-AE70-4D59-A30D-088CDDBB970E}.Release|Any CPU.Build.0 = Release|Any CPU
		{472F230E-AE70-4D59-A30D-088CDDBB970E}.Release|ARM.ActiveCfg = Release|Any CPU
		{472F230E-AE70-4D59-A30D-088CDDBB970E}.Release|ARM.Build.0 = Release|Any CPU
		{472F230E-AE70-4D59-A30D-088CDDBB970E}.Release|ARM64.ActiveCfg = Release|Any CPU
		{472F230E-AE70-4D59-A30D-088CDDBB970E}.Release|ARM64.Build.0 = Release|Any CPU
		{472F230E-AE70-4D59-A30D-088CDDBB970E}.Release|x64.ActiveCfg = Release|x64
		{472F230E-AE70-4D59-A30D-088CDDBB970E}.Release|x64.Build.0 = Release|x64
		{472F230E-AE70-4D59-A30D-088CDDBB970E}.Release|x86.ActiveCfg = Release|x86
		{472F230E-AE70-4D59-A30D-088CDDBB970E}.Release|x86.Build.0 = Release|x86
		{7BED28A5-9DBE-4B40-9187-1C14D9F78496}.Debug|Any CPU.ActiveCfg = Debug|Any CPU
		{7BED28A5-9DBE-4B40-9187-1C14D9F78496}.Debug|Any CPU.Build.0 = Debug|Any CPU
		{7BED28A5-9DBE-4B40-9187-1C14D9F78496}.Debug|ARM.ActiveCfg = Debug|Any CPU
		{7BED28A5-9DBE-4B40-9187-1C14D9F78496}.Debug|ARM.Build.0 = Debug|Any CPU
		{7BED28A5-9DBE-4B40-9187-1C14D9F78496}.Debug|ARM64.ActiveCfg = Debug|Any CPU
		{7BED28A5-9DBE-4B40-9187-1C14D9F78496}.Debug|ARM64.Build.0 = Debug|Any CPU
		{7BED28A5-9DBE-4B40-9187-1C14D9F78496}.Debug|x64.ActiveCfg = Debug|Any CPU
		{7BED28A5-9DBE-4B40-9187-1C14D9F78496}.Debug|x64.Build.0 = Debug|Any CPU
		{7BED28A5-9DBE-4B40-9187-1C14D9F78496}.Debug|x86.ActiveCfg = Debug|Any CPU
		{7BED28A5-9DBE-4B40-9187-1C14D9F78496}.Debug|x86.Build.0 = Debug|Any CPU
		{7BED28A5-9DBE-4B40-9187-1C14D9F78496}.Release|Any CPU.ActiveCfg = Release|Any CPU
		{7BED28A5-9DBE-4B40-9187-1C14D9F78496}.Release|Any CPU.Build.0 = Release|Any CPU
		{7BED28A5-9DBE-4B40-9187-1C14D9F78496}.Release|ARM.ActiveCfg = Release|Any CPU
		{7BED28A5-9DBE-4B40-9187-1C14D9F78496}.Release|ARM.Build.0 = Release|Any CPU
		{7BED28A5-9DBE-4B40-9187-1C14D9F78496}.Release|ARM64.ActiveCfg = Release|Any CPU
		{7BED28A5-9DBE-4B40-9187-1C14D9F78496}.Release|ARM64.Build.0 = Release|Any CPU
		{7BED28A5-9DBE-4B40-9187-1C14D9F78496}.Release|x64.ActiveCfg = Release|x64
		{7BED28A5-9DBE-4B40-9187-1C14D9F78496}.Release|x64.Build.0 = Release|x64
		{7BED28A5-9DBE-4B40-9187-1C14D9F78496}.Release|x86.ActiveCfg = Release|x86
		{7BED28A5-9DBE-4B40-9187-1C14D9F78496}.Release|x86.Build.0 = Release|x86
		{EB785265-2F70-4D7A-8BAF-F3372C863548}.Debug|Any CPU.ActiveCfg = Debug|Any CPU
		{EB785265-2F70-4D7A-8BAF-F3372C863548}.Debug|Any CPU.Build.0 = Debug|Any CPU
		{EB785265-2F70-4D7A-8BAF-F3372C863548}.Debug|Any CPU.Deploy.0 = Debug|Any CPU
		{EB785265-2F70-4D7A-8BAF-F3372C863548}.Debug|ARM.ActiveCfg = Debug|ARM
		{EB785265-2F70-4D7A-8BAF-F3372C863548}.Debug|ARM.Build.0 = Debug|ARM
		{EB785265-2F70-4D7A-8BAF-F3372C863548}.Debug|ARM.Deploy.0 = Debug|ARM
		{EB785265-2F70-4D7A-8BAF-F3372C863548}.Debug|ARM64.ActiveCfg = Debug|ARM64
		{EB785265-2F70-4D7A-8BAF-F3372C863548}.Debug|ARM64.Build.0 = Debug|ARM64
		{EB785265-2F70-4D7A-8BAF-F3372C863548}.Debug|ARM64.Deploy.0 = Debug|ARM64
		{EB785265-2F70-4D7A-8BAF-F3372C863548}.Debug|x64.ActiveCfg = Debug|x64
		{EB785265-2F70-4D7A-8BAF-F3372C863548}.Debug|x64.Build.0 = Debug|x64
		{EB785265-2F70-4D7A-8BAF-F3372C863548}.Debug|x64.Deploy.0 = Debug|x64
		{EB785265-2F70-4D7A-8BAF-F3372C863548}.Debug|x86.ActiveCfg = Debug|x86
		{EB785265-2F70-4D7A-8BAF-F3372C863548}.Debug|x86.Build.0 = Debug|x86
		{EB785265-2F70-4D7A-8BAF-F3372C863548}.Debug|x86.Deploy.0 = Debug|x86
		{EB785265-2F70-4D7A-8BAF-F3372C863548}.Release|Any CPU.ActiveCfg = Release|Any CPU
		{EB785265-2F70-4D7A-8BAF-F3372C863548}.Release|Any CPU.Build.0 = Release|Any CPU
		{EB785265-2F70-4D7A-8BAF-F3372C863548}.Release|Any CPU.Deploy.0 = Release|Any CPU
		{EB785265-2F70-4D7A-8BAF-F3372C863548}.Release|ARM.ActiveCfg = Release|ARM
		{EB785265-2F70-4D7A-8BAF-F3372C863548}.Release|ARM.Build.0 = Release|ARM
		{EB785265-2F70-4D7A-8BAF-F3372C863548}.Release|ARM.Deploy.0 = Release|ARM
		{EB785265-2F70-4D7A-8BAF-F3372C863548}.Release|ARM64.ActiveCfg = Release|ARM64
		{EB785265-2F70-4D7A-8BAF-F3372C863548}.Release|ARM64.Build.0 = Release|ARM64
		{EB785265-2F70-4D7A-8BAF-F3372C863548}.Release|ARM64.Deploy.0 = Release|ARM64
		{EB785265-2F70-4D7A-8BAF-F3372C863548}.Release|x64.ActiveCfg = Release|x64
		{EB785265-2F70-4D7A-8BAF-F3372C863548}.Release|x64.Build.0 = Release|x64
		{EB785265-2F70-4D7A-8BAF-F3372C863548}.Release|x64.Deploy.0 = Release|x64
		{EB785265-2F70-4D7A-8BAF-F3372C863548}.Release|x86.ActiveCfg = Release|x86
		{EB785265-2F70-4D7A-8BAF-F3372C863548}.Release|x86.Build.0 = Release|x86
		{EB785265-2F70-4D7A-8BAF-F3372C863548}.Release|x86.Deploy.0 = Release|x86
	EndGlobalSection
	GlobalSection(SolutionProperties) = preSolution
		HideSolutionNode = FALSE
	EndGlobalSection
	GlobalSection(ExtensibilityGlobals) = postSolution
		SolutionGuid = {5646BFDD-BB38-4BE9-B138-4B9DB97C636A}
	EndGlobalSection
EndGlobal
